
Microsoft Visual Studio Solution File, Format Version 12.00
# Visual Studio Version 16
VisualStudioVersion = 16.0.30907.101
MinimumVisualStudioVersion = 10.0.40219.1
Project("{FAE04EC0-301F-11D3-BF4B-00C04F79EFBC}") = "EnumWeekdays", "EnumWeekdays\EnumWeekdays.csproj", "{9005A344-032E-40E1-AE6E-D018C88E6DD9}"
EndProject
Global
	GlobalSection(SolutionConfigurationPlatforms) = preSolution
		Debug|Any CPU = Debug|Any CPU
		Release|Any CPU = Release|Any CPU
	EndGlobalSection
	GlobalSection(ProjectConfigurationPlatforms) = postSolution
		{9005A344-032E-40E1-AE6E-D018C88E6DD9}.Debug|Any CPU.ActiveCfg = Debug|Any CPU
		{9005A344-032E-40E1-AE6E-D018C88E6DD9}.Debug|Any CPU.Build.0 = Debug|Any CPU
		{9005A344-032E-40E1-AE6E-D018C88E6DD9}.Release|Any CPU.ActiveCfg = Release|Any CPU
		{9005A344-032E-40E1-AE6E-D018C88E6DD9}.Release|Any CPU.Build.0 = Release|Any CPU
	EndGlobalSection
	GlobalSection(SolutionProperties) = preSolution
		HideSolutionNode = FALSE
	EndGlobalSection
	GlobalSection(ExtensibilityGlobals) = postSolution
		SolutionGuid = {80C799DD-2811-486C-9AC8-F5907A140092}
	EndGlobalSection
EndGlobal
