
Microsoft Visual Studio Solution File, Format Version 12.00
# Visual Studio Version 16
VisualStudioVersion = 16.0.30907.101
MinimumVisualStudioVersion = 10.0.40219.1
Project("{FAE04EC0-301F-11D3-BF4B-00C04F79EFBC}") = "EntityFramekworkCodeFirst", "EntityFramekworkCodeFirst\EntityFramekworkCodeFirst.csproj", "{B525495D-1DA8-4C77-903D-8E626D186A3A}"
EndProject
Global
	GlobalSection(SolutionConfigurationPlatforms) = preSolution
		Debug|Any CPU = Debug|Any CPU
		Release|Any CPU = Release|Any CPU
	EndGlobalSection
	GlobalSection(ProjectConfigurationPlatforms) = postSolution
		{B525495D-1DA8-4C77-903D-8E626D186A3A}.Debug|Any CPU.ActiveCfg = Debug|Any CPU
		{B525495D-1DA8-4C77-903D-8E626D186A3A}.Debug|Any CPU.Build.0 = Debug|Any CPU
		{B525495D-1DA8-4C77-903D-8E626D186A3A}.Release|Any CPU.ActiveCfg = Release|Any CPU
		{B525495D-1DA8-4C77-903D-8E626D186A3A}.Release|Any CPU.Build.0 = Release|Any CPU
	EndGlobalSection
	GlobalSection(SolutionProperties) = preSolution
		HideSolutionNode = FALSE
	EndGlobalSection
	GlobalSection(ExtensibilityGlobals) = postSolution
		SolutionGuid = {A3D189A7-9613-4F97-9A72-1038691F732B}
	EndGlobalSection
EndGlobal
