
Microsoft Visual Studio Solution File, Format Version 12.00
# Visual Studio Version 16
VisualStudioVersion = 16.0.30907.101
MinimumVisualStudioVersion = 10.0.40219.1
Project("{FAE04EC0-301F-11D3-BF4B-00C04F79EFBC}") = "TwentyOne", "TwentyOne\TwentyOne.csproj", "{06A18D65-A564-4695-B9F4-3D9CEB74071E}"
EndProject
Global
	GlobalSection(SolutionConfigurationPlatforms) = preSolution
		Debug|Any CPU = Debug|Any CPU
		Release|Any CPU = Release|Any CPU
	EndGlobalSection
	GlobalSection(ProjectConfigurationPlatforms) = postSolution
		{06A18D65-A564-4695-B9F4-3D9CEB74071E}.Debug|Any CPU.ActiveCfg = Debug|Any CPU
		{06A18D65-A564-4695-B9F4-3D9CEB74071E}.Debug|Any CPU.Build.0 = Debug|Any CPU
		{06A18D65-A564-4695-B9F4-3D9CEB74071E}.Release|Any CPU.ActiveCfg = Release|Any CPU
		{06A18D65-A564-4695-B9F4-3D9CEB74071E}.Release|Any CPU.Build.0 = Release|Any CPU
	EndGlobalSection
	GlobalSection(SolutionProperties) = preSolution
		HideSolutionNode = FALSE
	EndGlobalSection
	GlobalSection(ExtensibilityGlobals) = postSolution
		SolutionGuid = {BFF98D5A-6DBA-4BDD-8A4B-CB332CEB5984}
	EndGlobalSection
EndGlobal
