
Microsoft Visual Studio Solution File, Format Version 12.00
# Visual Studio Version 16
VisualStudioVersion = 16.0.30907.101
MinimumVisualStudioVersion = 10.0.40219.1
Project("{FAE04EC0-301F-11D3-BF4B-00C04F79EFBC}") = "Arrays", "Arrays\Arrays.csproj", "{30A27E60-6A2D-4AA6-9844-D3A173A0186E}"
EndProject
Global
	GlobalSection(SolutionConfigurationPlatforms) = preSolution
		Debug|Any CPU = Debug|Any CPU
		Release|Any CPU = Release|Any CPU
	EndGlobalSection
	GlobalSection(ProjectConfigurationPlatforms) = postSolution
		{30A27E60-6A2D-4AA6-9844-D3A173A0186E}.Debug|Any CPU.ActiveCfg = Debug|Any CPU
		{30A27E60-6A2D-4AA6-9844-D3A173A0186E}.Debug|Any CPU.Build.0 = Debug|Any CPU
		{30A27E60-6A2D-4AA6-9844-D3A173A0186E}.Release|Any CPU.ActiveCfg = Release|Any CPU
		{30A27E60-6A2D-4AA6-9844-D3A173A0186E}.Release|Any CPU.Build.0 = Release|Any CPU
	EndGlobalSection
	GlobalSection(SolutionProperties) = preSolution
		HideSolutionNode = FALSE
	EndGlobalSection
	GlobalSection(ExtensibilityGlobals) = postSolution
		SolutionGuid = {8F407767-F8C3-44F8-A7D3-EB3C3CEA4B74}
	EndGlobalSection
EndGlobal
