
Microsoft Visual Studio Solution File, Format Version 12.00
# Visual Studio Version 16
VisualStudioVersion = 16.0.30907.101
MinimumVisualStudioVersion = 10.0.40219.1
Project("{FAE04EC0-301F-11D3-BF4B-00C04F79EFBC}") = "ClassMethod", "ClassMethod\ClassMethod.csproj", "{4E930462-B12E-4D78-99B7-97D83569B37C}"
EndProject
Global
	GlobalSection(SolutionConfigurationPlatforms) = preSolution
		Debug|Any CPU = Debug|Any CPU
		Release|Any CPU = Release|Any CPU
	EndGlobalSection
	GlobalSection(ProjectConfigurationPlatforms) = postSolution
		{4E930462-B12E-4D78-99B7-97D83569B37C}.Debug|Any CPU.ActiveCfg = Debug|Any CPU
		{4E930462-B12E-4D78-99B7-97D83569B37C}.Debug|Any CPU.Build.0 = Debug|Any CPU
		{4E930462-B12E-4D78-99B7-97D83569B37C}.Release|Any CPU.ActiveCfg = Release|Any CPU
		{4E930462-B12E-4D78-99B7-97D83569B37C}.Release|Any CPU.Build.0 = Release|Any CPU
	EndGlobalSection
	GlobalSection(SolutionProperties) = preSolution
		HideSolutionNode = FALSE
	EndGlobalSection
	GlobalSection(ExtensibilityGlobals) = postSolution
		SolutionGuid = {34B75967-25BE-4631-8F95-C89A4FB06BAE}
	EndGlobalSection
EndGlobal
