
Microsoft Visual Studio Solution File, Format Version 12.00
# Visual Studio Version 16
VisualStudioVersion = 16.0.30907.101
MinimumVisualStudioVersion = 10.0.40219.1
Project("{FAE04EC0-301F-11D3-BF4B-00C04F79EFBC}") = "TechAcadStudentsMVC", "TechAcadStudentsMVC\TechAcadStudentsMVC.csproj", "{58C9DF1A-3133-4041-BEAD-74E692ACAB2F}"
EndProject
Global
	GlobalSection(SolutionConfigurationPlatforms) = preSolution
		Debug|Any CPU = Debug|Any CPU
		Release|Any CPU = Release|Any CPU
	EndGlobalSection
	GlobalSection(ProjectConfigurationPlatforms) = postSolution
		{58C9DF1A-3133-4041-BEAD-74E692ACAB2F}.Debug|Any CPU.ActiveCfg = Debug|Any CPU
		{58C9DF1A-3133-4041-BEAD-74E692ACAB2F}.Debug|Any CPU.Build.0 = Debug|Any CPU
		{58C9DF1A-3133-4041-BEAD-74E692ACAB2F}.Release|Any CPU.ActiveCfg = Release|Any CPU
		{58C9DF1A-3133-4041-BEAD-74E692ACAB2F}.Release|Any CPU.Build.0 = Release|Any CPU
	EndGlobalSection
	GlobalSection(SolutionProperties) = preSolution
		HideSolutionNode = FALSE
	EndGlobalSection
	GlobalSection(ExtensibilityGlobals) = postSolution
		SolutionGuid = {03592F5C-EE5D-43BF-980E-1ADFB12E9BAB}
	EndGlobalSection
EndGlobal
