
Microsoft Visual Studio Solution File, Format Version 12.00
# Visual Studio Version 16
VisualStudioVersion = 16.0.30907.101
MinimumVisualStudioVersion = 10.0.40219.1
Project("{FAE04EC0-301F-11D3-BF4B-00C04F79EFBC}") = "MethodOptionalParamenter", "MethodOptionalParamenter\MethodOptionalParamenter.csproj", "{A017676E-BA83-4647-A6A9-1D7A84C45155}"
EndProject
Global
	GlobalSection(SolutionConfigurationPlatforms) = preSolution
		Debug|Any CPU = Debug|Any CPU
		Release|Any CPU = Release|Any CPU
	EndGlobalSection
	GlobalSection(ProjectConfigurationPlatforms) = postSolution
		{A017676E-BA83-4647-A6A9-1D7A84C45155}.Debug|Any CPU.ActiveCfg = Debug|Any CPU
		{A017676E-BA83-4647-A6A9-1D7A84C45155}.Debug|Any CPU.Build.0 = Debug|Any CPU
		{A017676E-BA83-4647-A6A9-1D7A84C45155}.Release|Any CPU.ActiveCfg = Release|Any CPU
		{A017676E-BA83-4647-A6A9-1D7A84C45155}.Release|Any CPU.Build.0 = Release|Any CPU
	EndGlobalSection
	GlobalSection(SolutionProperties) = preSolution
		HideSolutionNode = FALSE
	EndGlobalSection
	GlobalSection(ExtensibilityGlobals) = postSolution
		SolutionGuid = {FB7DD058-C907-4473-973C-988DA178C13C}
	EndGlobalSection
EndGlobal
